<?xml version="1.0" encoding="utf-8"?>
<Project ToolsVersion="4.0" xmlns="http://schemas.microsoft.com/developer/msbuild/2003">
  <ItemGroup>
    <ClCompile Include="main.cpp" />
    <ClCompile Include="TestdataGenerator.cpp" />
    <ClCompile Include="ActivityChannelThread.cpp" />
    <ClCompile Include="BestPractices.cpp" />
    <ClCompile Include="Advanced.cpp" />
  </ItemGroup>
  <ItemGroup>
    <ClInclude Include="TestdataGenerator.h" />
    <ClInclude Include="ActivityChannelThread.h" />
  </ItemGroup>
</Project>